
Microsoft Visual Studio Solution File, Format Version 12.00
# Visual Studio Version 17
VisualStudioVersion = 17.2.32630.192
MinimumVisualStudioVersion = 10.0.40219.1
Project("{FAE04EC0-301F-11D3-BF4B-00C04F79EFBC}") = "HW8", "HW8\HW8.csproj", "{C49EA33F-AA67-4EE0-8FFD-310AAC451E52}"
EndProject
Global
	GlobalSection(SolutionConfigurationPlatforms) = preSolution
		Debug|Any CPU = Debug|Any CPU
		Release|Any CPU = Release|Any CPU
	EndGlobalSection
	GlobalSection(ProjectConfigurationPlatforms) = postSolution
		{C49EA33F-AA67-4EE0-8FFD-310AAC451E52}.Debug|Any CPU.ActiveCfg = Debug|Any CPU
		{C49EA33F-AA67-4EE0-8FFD-310AAC451E52}.Debug|Any CPU.Build.0 = Debug|Any CPU
		{C49EA33F-AA67-4EE0-8FFD-310AAC451E52}.Release|Any CPU.ActiveCfg = Release|Any CPU
		{C49EA33F-AA67-4EE0-8FFD-310AAC451E52}.Release|Any CPU.Build.0 = Release|Any CPU
	EndGlobalSection
	GlobalSection(SolutionProperties) = preSolution
		HideSolutionNode = FALSE
	EndGlobalSection
	GlobalSection(ExtensibilityGlobals) = postSolution
		SolutionGuid = {AE1CF2AF-A3E7-49BB-BA25-0A0288E682D2}
	EndGlobalSection
EndGlobal
