
Microsoft Visual Studio Solution File, Format Version 12.00
# Visual Studio Version 17
VisualStudioVersion = 17.2.32630.192
MinimumVisualStudioVersion = 10.0.40219.1
Project("{FAE04EC0-301F-11D3-BF4B-00C04F79EFBC}") = "HW2", "HW2\HW2.csproj", "{3D6FA75C-FEC4-425C-8B9B-1A54D6665A54}"
EndProject
Global
	GlobalSection(SolutionConfigurationPlatforms) = preSolution
		Debug|Any CPU = Debug|Any CPU
		Release|Any CPU = Release|Any CPU
	EndGlobalSection
	GlobalSection(ProjectConfigurationPlatforms) = postSolution
		{3D6FA75C-FEC4-425C-8B9B-1A54D6665A54}.Debug|Any CPU.ActiveCfg = Debug|Any CPU
		{3D6FA75C-FEC4-425C-8B9B-1A54D6665A54}.Debug|Any CPU.Build.0 = Debug|Any CPU
		{3D6FA75C-FEC4-425C-8B9B-1A54D6665A54}.Release|Any CPU.ActiveCfg = Release|Any CPU
		{3D6FA75C-FEC4-425C-8B9B-1A54D6665A54}.Release|Any CPU.Build.0 = Release|Any CPU
	EndGlobalSection
	GlobalSection(SolutionProperties) = preSolution
		HideSolutionNode = FALSE
	EndGlobalSection
	GlobalSection(ExtensibilityGlobals) = postSolution
		SolutionGuid = {CD435A64-1F01-49DA-91F2-BD24967D8593}
	EndGlobalSection
EndGlobal
